
Microsoft Visual Studio Solution File, Format Version 12.00
# Visual Studio Version 17
VisualStudioVersion = 17.5.33530.505
MinimumVisualStudioVersion = 10.0.40219.1
Project("{9A19103F-16F7-4668-BE54-9A1E7A4F7556}") = "Rent_A_Car_.Net", "Rent_A_Car_.Net.csproj", "{1E132D87-A88C-4128-9161-E840C6D3E93A}"
EndProject
Project("{2150E333-8FDC-42A3-9474-1A3956D46DE8}") = "Rent_A_Car", "Rent_A_Car", "{67BE6E63-34E0-4F38-B41E-E33161439333}"
EndProject
Global
	GlobalSection(SolutionConfigurationPlatforms) = preSolution
		Debug|Any CPU = Debug|Any CPU
		Release|Any CPU = Release|Any CPU
	EndGlobalSection
	GlobalSection(ProjectConfigurationPlatforms) = postSolution
		{1E132D87-A88C-4128-9161-E840C6D3E93A}.Debug|Any CPU.ActiveCfg = Debug|Any CPU
		{1E132D87-A88C-4128-9161-E840C6D3E93A}.Debug|Any CPU.Build.0 = Debug|Any CPU
		{1E132D87-A88C-4128-9161-E840C6D3E93A}.Release|Any CPU.ActiveCfg = Release|Any CPU
		{1E132D87-A88C-4128-9161-E840C6D3E93A}.Release|Any CPU.Build.0 = Release|Any CPU
	EndGlobalSection
	GlobalSection(SolutionProperties) = preSolution
		HideSolutionNode = FALSE
	EndGlobalSection
	GlobalSection(NestedProjects) = preSolution
		{1E132D87-A88C-4128-9161-E840C6D3E93A} = {67BE6E63-34E0-4F38-B41E-E33161439333}
	EndGlobalSection
	GlobalSection(ExtensibilityGlobals) = postSolution
		SolutionGuid = {CCD60015-239F-4E65-8837-96464059BC8C}
	EndGlobalSection
EndGlobal
