
Microsoft Visual Studio Solution File, Format Version 12.00
# Visual Studio Version 17
VisualStudioVersion = 17.5.33530.505
MinimumVisualStudioVersion = 10.0.40219.1
Project("{FAE04EC0-301F-11D3-BF4B-00C04F79EFBC}") = "Rent-a-Car-.Net", "Rent-a-Car-.Net.csproj", "{1E132D87-A88C-4128-9161-E840C6D3E93A}"
EndProject
Global
	GlobalSection(SolutionConfigurationPlatforms) = preSolution
		Debug|Any CPU = Debug|Any CPU
		Release|Any CPU = Release|Any CPU
	EndGlobalSection
	GlobalSection(ProjectConfigurationPlatforms) = postSolution
		{1E132D87-A88C-4128-9161-E840C6D3E93A}.Debug|Any CPU.ActiveCfg = Debug|Any CPU
		{1E132D87-A88C-4128-9161-E840C6D3E93A}.Debug|Any CPU.Build.0 = Debug|Any CPU
		{1E132D87-A88C-4128-9161-E840C6D3E93A}.Release|Any CPU.ActiveCfg = Release|Any CPU
		{1E132D87-A88C-4128-9161-E840C6D3E93A}.Release|Any CPU.Build.0 = Release|Any CPU
	EndGlobalSection
	GlobalSection(SolutionProperties) = preSolution
		HideSolutionNode = FALSE
	EndGlobalSection
	GlobalSection(ExtensibilityGlobals) = postSolution
		SolutionGuid = {CCD60015-239F-4E65-8837-96464059BC8C}
	EndGlobalSection
EndGlobal
